PODS:
  - CocoaLumberjack (3.1.0):
    - CocoaLumberjack/Default (= 3.1.0)
    - CocoaLumberjack/Extensions (= 3.1.0)
  - CocoaLumberjack/Default (3.1.0)
  - CocoaLumberjack/Extensions (3.1.0):
    - CocoaLumberjack/Default

DEPENDENCIES:
  - CocoaLumberjack

SPEC CHECKSUMS:
  CocoaLumberjack: 8311463ddf9ee86a06ef92a071dd656c89244500

PODFILE CHECKSUM: be028bb763dcc5a9252a48bffbeb5af24f6b6536

COCOAPODS: 1.2.0
